# THIS IS AN AUTOGENERATED FILE. DO NOT EDIT THIS FILE DIRECTLY.
# yarn lockfile v1


slack@^9.0.7:
  version "9.0.7"
  resolved "https://registry.yarnpkg.com/slack/-/slack-9.0.7.tgz#7f565a02f1bbddc79909164c83f8e515fe16fa3a"
  dependencies:
    tiny-json-http "^5.2.0"

tiny-json-http@^5.2.0:
  version "5.2.0"
  resolved "https://registry.yarnpkg.com/tiny-json-http/-/tiny-json-http-5.2.0.tgz#269ccdf085c72c91f12789dc1ab226bba4d602cc"
